// !$*UTF8*$!
{
	archiveVersion = 1;
	classes = {
	};
	objectVersion = 55;
	objects = {

/* Begin PBXBuildFile section */
		DDF0250B284429C300C4F49D /* AppDelegate.swift in Sources */ = {isa = PBXBuildFile; fileRef = DDF0250A284429C300C4F49D /* AppDelegate.swift */; };
		DDF0250D284429C300C4F49D /* art.scnassets in Resources */ = {isa = PBXBuildFile; fileRef = DDF0250C284429C300C4F49D /* art.scnassets */; };
		DDF0250F284429C300C4F49D /* ViewController.swift in Sources */ = {isa = PBXBuildFile; fileRef = DDF0250E284429C300C4F49D /* ViewController.swift */; };
		DDF02512284429C300C4F49D /* Main.storyboard in Resources */ = {isa = PBXBuildFile; fileRef = DDF02510284429C300C4F49D /* Main.storyboard */; };
		DDF02514284429C400C4F49D /* Assets.xcassets in Resources */ = {isa = PBXBuildFile; fileRef = DDF02513284429C400C4F49D /* Assets.xcassets */; };
		DDF02517284429C400C4F49D /* LaunchScreen.storyboard in Resources */ = {isa = PBXBuildFile; fileRef = DDF02515284429C400C4F49D /* LaunchScreen.storyboard */; };
		DDF0252328442A6500C4F49D /* MainScene.swift in Sources */ = {isa = PBXBuildFile; fileRef = DDF0252228442A6500C4F49D /* MainScene.swift */; };
		DDF0252628442AA700C4F49D /* Node+Extensions.swift in Sources */ = {isa = PBXBuildFile; fileRef = DDF0252528442AA700C4F49D /* Node+Extensions.swift */; };
		DDF0252828442B5F00C4F49D /* README.md in Resources */ = {isa = PBXBuildFile; fileRef = DDF0252728442B5F00C4F49D /* README.md */; };
		DDF0252A28442F0F00C4F49D /* PointGenerator.swift in Sources */ = {isa = PBXBuildFile; fileRef = DDF0252928442F0F00C4F49D /* PointGenerator.swift */; };
		DDF0252C284430D300C4F49D /* UtilityExtensions.swift in Sources */ = {isa = PBXBuildFile; fileRef = DDF0252B284430D300C4F49D /* UtilityExtensions.swift */; };
		DDF0252F284432FE00C4F49D /* Visualizer.swift in Sources */ = {isa = PBXBuildFile; fileRef = DDF0252E284432FE00C4F49D /* Visualizer.swift */; };
		DDF0253228443C2A00C4F49D /* MitchellPointGenerator.swift in Sources */ = {isa = PBXBuildFile; fileRef = DDF0253128443C2A00C4F49D /* MitchellPointGenerator.swift */; };
		DDF0253428443D6B00C4F49D /* SimpleRandomGenerator.swift in Sources */ = {isa = PBXBuildFile; fileRef = DDF0253328443D6B00C4F49D /* SimpleRandomGenerator.swift */; };
/* End PBXBuildFile section */

/* Begin PBXFileReference section */
		DDF02507284429C300C4F49D /* RandDistAlgosVisualizer.app */ = {isa = PBXFileReference; explicitFileType = wrapper.application; includeInIndex = 0; path = RandDistAlgosVisualizer.app; sourceTree = BUILT_PRODUCTS_DIR; };
		DDF0250A284429C300C4F49D /* AppDelegate.swift */ = {isa = PBXFileReference; lastKnownFileType = sourcecode.swift; path = AppDelegate.swift; sourceTree = "<group>"; };
		DDF0250C284429C300C4F49D /* art.scnassets */ = {isa = PBXFileReference; lastKnownFileType = wrapper.scnassets; path = art.scnassets; sourceTree = "<group>"; };
		DDF0250E284429C300C4F49D /* ViewController.swift */ = {isa = PBXFileReference; lastKnownFileType = sourcecode.swift; path = ViewController.swift; sourceTree = "<group>"; };
		DDF02511284429C300C4F49D /* Base */ = {isa = PBXFileReference; lastKnownFileType = file.storyboard; name = Base; path = Base.lproj/Main.storyboard; sourceTree = "<group>"; };
		DDF02513284429C400C4F49D /* Assets.xcassets */ = {isa = PBXFileReference; lastKnownFileType = folder.assetcatalog; path = Assets.xcassets; sourceTree = "<group>"; };
		DDF02516284429C400C4F49D /* Base */ = {isa = PBXFileReference; lastKnownFileType = file.storyboard; name = Base; path = Base.lproj/LaunchScreen.storyboard; sourceTree = "<group>"; };
		DDF0252228442A6500C4F49D /* MainScene.swift */ = {isa = PBXFileReference; lastKnownFileType = sourcecode.swift; path = MainScene.swift; sourceTree = "<group>"; };
		DDF0252528442AA700C4F49D /* Node+Extensions.swift */ = {isa = PBXFileReference; lastKnownFileType = sourcecode.swift; path = "Node+Extensions.swift"; sourceTree = "<group>"; };
		DDF0252728442B5F00C4F49D /* README.md */ = {isa = PBXFileReference; lastKnownFileType = net.daringfireball.markdown; path = README.md; sourceTree = "<group>"; };
		DDF0252928442F0F00C4F49D /* PointGenerator.swift */ = {isa = PBXFileReference; lastKnownFileType = sourcecode.swift; path = PointGenerator.swift; sourceTree = "<group>"; };
		DDF0252B284430D300C4F49D /* UtilityExtensions.swift */ = {isa = PBXFileReference; fileEncoding = 4; lastKnownFileType = sourcecode.swift; path = UtilityExtensions.swift; sourceTree = "<group>"; };
		DDF0252E284432FE00C4F49D /* Visualizer.swift */ = {isa = PBXFileReference; lastKnownFileType = sourcecode.swift; path = Visualizer.swift; sourceTree = "<group>"; };
		DDF0253128443C2A00C4F49D /* MitchellPointGenerator.swift */ = {isa = PBXFileReference; lastKnownFileType = sourcecode.swift; path = MitchellPointGenerator.swift; sourceTree = "<group>"; };
		DDF0253328443D6B00C4F49D /* SimpleRandomGenerator.swift */ = {isa = PBXFileReference; lastKnownFileType = sourcecode.swift; path = SimpleRandomGenerator.swift; sourceTree = "<group>"; };
/* End PBXFileReference section */

/* Begin PBXFrameworksBuildPhase section */
		DDF02504284429C300C4F49D /* Frameworks */ = {
			isa = PBXFrameworksBuildPhase;
			buildActionMask = 2147483647;
			files = (
			);
			runOnlyForDeploymentPostprocessing = 0;
		};
/* End PBXFrameworksBuildPhase section */

/* Begin PBXGroup section */
		DDF024FE284429C300C4F49D = {
			isa = PBXGroup;
			children = (
				DDF0252728442B5F00C4F49D /* README.md */,
				DDF02509284429C300C4F49D /* RandDistAlgosVisualizer */,
				DDF02508284429C300C4F49D /* Products */,
			);
			sourceTree = "<group>";
		};
		DDF02508284429C300C4F49D /* Products */ = {
			isa = PBXGroup;
			children = (
				DDF02507284429C300C4F49D /* RandDistAlgosVisualizer.app */,
			);
			name = Products;
			sourceTree = "<group>";
		};
		DDF02509284429C300C4F49D /* RandDistAlgosVisualizer */ = {
			isa = PBXGroup;
			children = (
				DDF0252D284432E800C4F49D /* Visualization */,
				DDF0252428442A9600C4F49D /* Utils */,
				DDF0251E284429EA00C4F49D /* Scenes */,
				DDF0250A284429C300C4F49D /* AppDelegate.swift */,
				DDF0250C284429C300C4F49D /* art.scnassets */,
				DDF0250E284429C300C4F49D /* ViewController.swift */,
				DDF02510284429C300C4F49D /* Main.storyboard */,
				DDF02513284429C400C4F49D /* Assets.xcassets */,
				DDF02515284429C400C4F49D /* LaunchScreen.storyboard */,
			);
			path = RandDistAlgosVisualizer;
			sourceTree = "<group>";
		};
		DDF0251E284429EA00C4F49D /* Scenes */ = {
			isa = PBXGroup;
			children = (
				DDF0252228442A6500C4F49D /* MainScene.swift */,
			);
			path = Scenes;
			sourceTree = "<group>";
		};
		DDF0252428442A9600C4F49D /* Utils */ = {
			isa = PBXGroup;
			children = (
				DDF0252B284430D300C4F49D /* UtilityExtensions.swift */,
				DDF0252528442AA700C4F49D /* Node+Extensions.swift */,
			);
			path = Utils;
			sourceTree = "<group>";
		};
		DDF0252D284432E800C4F49D /* Visualization */ = {
			isa = PBXGroup;
			children = (
				DDF0253028443C1A00C4F49D /* Algorithms */,
				DDF0252928442F0F00C4F49D /* PointGenerator.swift */,
				DDF0252E284432FE00C4F49D /* Visualizer.swift */,
			);
			path = Visualization;
			sourceTree = "<group>";
		};
		DDF0253028443C1A00C4F49D /* Algorithms */ = {
			isa = PBXGroup;
			children = (
				DDF0253128443C2A00C4F49D /* MitchellPointGenerator.swift */,
				DDF0253328443D6B00C4F49D /* SimpleRandomGenerator.swift */,
			);
			path = Algorithms;
			sourceTree = "<group>";
		};
/* End PBXGroup section */

/* Begin PBXNativeTarget section */
		DDF02506284429C300C4F49D /* RandDistAlgosVisualizer */ = {
			isa = PBXNativeTarget;
			buildConfigurationList = DDF0251A284429C400C4F49D /* Build configuration list for PBXNativeTarget "RandDistAlgosVisualizer" */;
			buildPhases = (
				DDF02503284429C300C4F49D /* Sources */,
				DDF02504284429C300C4F49D /* Frameworks */,
				DDF02505284429C300C4F49D /* Resources */,
			);
			buildRules = (
			);
			dependencies = (
			);
			name = RandDistAlgosVisualizer;
			productName = RandDistAlgosVisualizer;
			productReference = DDF02507284429C300C4F49D /* RandDistAlgosVisualizer.app */;
			productType = "com.apple.product-type.application";
		};
/* End PBXNativeTarget section */

/* Begin PBXProject section */
		DDF024FF284429C300C4F49D /* Project object */ = {
			isa = PBXProject;
			attributes = {
				BuildIndependentTargetsInParallel = 1;
				LastSwiftUpdateCheck = 1330;
				LastUpgradeCheck = 1330;
				TargetAttributes = {
					DDF02506284429C300C4F49D = {
						CreatedOnToolsVersion = 13.3;
					};
				};
			};
			buildConfigurationList = DDF02502284429C300C4F49D /* Build configuration list for PBXProject "RandDistAlgosVisualizer" */;
			compatibilityVersion = "Xcode 13.0";
			developmentRegion = en;
			hasScannedForEncodings = 0;
			knownRegions = (
				en,
				Base,
			);
			mainGroup = DDF024FE284429C300C4F49D;
			productRefGroup = DDF02508284429C300C4F49D /* Products */;
			projectDirPath = "";
			projectRoot = "";
			targets = (
				DDF02506284429C300C4F49D /* RandDistAlgosVisualizer */,
			);
		};
/* End PBXProject section */

/* Begin PBXResourcesBuildPhase section */
		DDF02505284429C300C4F49D /* Resources */ = {
			isa = PBXResourcesBuildPhase;
			buildActionMask = 2147483647;
			files = (
				DDF0252828442B5F00C4F49D /* README.md in Resources */,
				DDF0250D284429C300C4F49D /* art.scnassets in Resources */,
				DDF02517284429C400C4F49D /* LaunchScreen.storyboard in Resources */,
				DDF02514284429C400C4F49D /* Assets.xcassets in Resources */,
				DDF02512284429C300C4F49D /* Main.storyboard in Resources */,
			);
			runOnlyForDeploymentPostprocessing = 0;
		};
/* End PBXResourcesBuildPhase section */

/* Begin PBXSourcesBuildPhase section */
		DDF02503284429C300C4F49D /* Sources */ = {
			isa = PBXSourcesBuildPhase;
			buildActionMask = 2147483647;
			files = (
				DDF0252F284432FE00C4F49D /* Visualizer.swift in Sources */,
				DDF0252328442A6500C4F49D /* MainScene.swift in Sources */,
				DDF0253228443C2A00C4F49D /* MitchellPointGenerator.swift in Sources */,
				DDF0252628442AA700C4F49D /* Node+Extensions.swift in Sources */,
				DDF0252C284430D300C4F49D /* UtilityExtensions.swift in Sources */,
				DDF0253428443D6B00C4F49D /* SimpleRandomGenerator.swift in Sources */,
				DDF0252A28442F0F00C4F49D /* PointGenerator.swift in Sources */,
				DDF0250F284429C300C4F49D /* ViewController.swift in Sources */,
				DDF0250B284429C300C4F49D /* AppDelegate.swift in Sources */,
			);
			runOnlyForDeploymentPostprocessing = 0;
		};
/* End PBXSourcesBuildPhase section */

/* Begin PBXVariantGroup section */
		DDF02510284429C300C4F49D /* Main.storyboard */ = {
			isa = PBXVariantGroup;
			children = (
				DDF02511284429C300C4F49D /* Base */,
			);
			name = Main.storyboard;
			sourceTree = "<group>";
		};
		DDF02515284429C400C4F49D /* LaunchScreen.storyboard */ = {
			isa = PBXVariantGroup;
			children = (
				DDF02516284429C400C4F49D /* Base */,
			);
			name = LaunchScreen.storyboard;
			sourceTree = "<group>";
		};
/* End PBXVariantGroup section */

/* Begin XCBuildConfiguration section */
		DDF02518284429C400C4F49D /* Debug */ = {
			isa = XCBuildConfiguration;
			buildSettings = {
				ALWAYS_SEARCH_USER_PATHS = NO;
				CLANG_ANALYZER_NONNULL = YES;
				CLANG_ANALYZER_NUMBER_OBJECT_CONVERSION = YES_AGGRESSIVE;
				CLANG_CXX_LANGUAGE_STANDARD = "gnu++17";
				CLANG_ENABLE_MODULES = YES;
				CLANG_ENABLE_OBJC_ARC = YES;
				CLANG_ENABLE_OBJC_WEAK = YES;
				CLANG_WARN_BLOCK_CAPTURE_AUTORELEASING = YES;
				CLANG_WARN_BOOL_CONVERSION = YES;
				CLANG_WARN_COMMA = YES;
				CLANG_WARN_CONSTANT_CONVERSION = YES;
				CLANG_WARN_DEPRECATED_OBJC_IMPLEMENTATIONS = YES;
				CLANG_WARN_DIRECT_OBJC_ISA_USAGE = YES_ERROR;
				CLANG_WARN_DOCUMENTATION_COMMENTS = YES;
				CLANG_WARN_EMPTY_BODY = YES;
				CLANG_WARN_ENUM_CONVERSION = YES;
				CLANG_WARN_INFINITE_RECURSION = YES;
				CLANG_WARN_INT_CONVERSION = YES;
				CLANG_WARN_NON_LITERAL_NULL_CONVERSION = YES;
				CLANG_WARN_OBJC_IMPLICIT_RETAIN_SELF = YES;
				CLANG_WARN_OBJC_LITERAL_CONVERSION = YES;
				CLANG_WARN_OBJC_ROOT_CLASS = YES_ERROR;
				CLANG_WARN_QUOTED_INCLUDE_IN_FRAMEWORK_HEADER = YES;
				CLANG_WARN_RANGE_LOOP_ANALYSIS = YES;
				CLANG_WARN_STRICT_PROTOTYPES = YES;
				CLANG_WARN_SUSPICIOUS_MOVE = YES;
				CLANG_WARN_UNGUARDED_AVAILABILITY = YES_AGGRESSIVE;
				CLANG_WARN_UNREACHABLE_CODE = YES;
				CLANG_WARN__DUPLICATE_METHOD_MATCH = YES;
				COPY_PHASE_STRIP = NO;
				DEBUG_INFORMATION_FORMAT = dwarf;
				ENABLE_STRICT_OBJC_MSGSEND = YES;
				ENABLE_TESTABILITY = YES;
				GCC_C_LANGUAGE_STANDARD = gnu11;
				GCC_DYNAMIC_NO_PIC = NO;
				GCC_NO_COMMON_BLOCKS = YES;
				GCC_OPTIMIZATION_LEVEL = 0;
				GCC_PREPROCESSOR_DEFINITIONS = (
					"DEBUG=1",
					"$(inherited)",
				);
				GCC_WARN_64_TO_32_BIT_CONVERSION = YES;
				GCC_WARN_ABOUT_RETURN_TYPE = YES_ERROR;
				GCC_WARN_UNDECLARED_SELECTOR = YES;
				GCC_WARN_UNINITIALIZED_AUTOS = YES_AGGRESSIVE;
				GCC_WARN_UNUSED_FUNCTION = YES;
				GCC_WARN_UNUSED_VARIABLE = YES;
				IPHONEOS_DEPLOYMENT_TARGET = 15.4;
				MTL_ENABLE_DEBUG_INFO = INCLUDE_SOURCE;
				MTL_FAST_MATH = YES;
				ONLY_ACTIVE_ARCH = YES;
				SDKROOT = iphoneos;
				SWIFT_ACTIVE_COMPILATION_CONDITIONS = DEBUG;
				SWIFT_OPTIMIZATION_LEVEL = "-Onone";
			};
			name = Debug;
		};
		DDF02519284429C400C4F49D /* Release */ = {
			isa = XCBuildConfiguration;
			buildSettings = {
				ALWAYS_SEARCH_USER_PATHS = NO;
				CLANG_ANALYZER_NONNULL = YES;
				CLANG_ANALYZER_NUMBER_OBJECT_CONVERSION = YES_AGGRESSIVE;
				CLANG_CXX_LANGUAGE_STANDARD = "gnu++17";
				CLANG_ENABLE_MODULES = YES;
				CLANG_ENABLE_OBJC_ARC = YES;
				CLANG_ENABLE_OBJC_WEAK = YES;
				CLANG_WARN_BLOCK_CAPTURE_AUTORELEASING = YES;
				CLANG_WARN_BOOL_CONVERSION = YES;
				CLANG_WARN_COMMA = YES;
				CLANG_WARN_CONSTANT_CONVERSION = YES;
				CLANG_WARN_DEPRECATED_OBJC_IMPLEMENTATIONS = YES;
				CLANG_WARN_DIRECT_OBJC_ISA_USAGE = YES_ERROR;
				CLANG_WARN_DOCUMENTATION_COMMENTS = YES;
				CLANG_WARN_EMPTY_BODY = YES;
				CLANG_WARN_ENUM_CONVERSION = YES;
				CLANG_WARN_INFINITE_RECURSION = YES;
				CLANG_WARN_INT_CONVERSION = YES;
				CLANG_WARN_NON_LITERAL_NULL_CONVERSION = YES;
				CLANG_WARN_OBJC_IMPLICIT_RETAIN_SELF = YES;
				CLANG_WARN_OBJC_LITERAL_CONVERSION = YES;
				CLANG_WARN_OBJC_ROOT_CLASS = YES_ERROR;
				CLANG_WARN_QUOTED_INCLUDE_IN_FRAMEWORK_HEADER = YES;
				CLANG_WARN_RANGE_LOOP_ANALYSIS = YES;
				CLANG_WARN_STRICT_PROTOTYPES = YES;
				CLANG_WARN_SUSPICIOUS_MOVE = YES;
				CLANG_WARN_UNGUARDED_AVAILABILITY = YES_AGGRESSIVE;
				CLANG_WARN_UNREACHABLE_CODE = YES;
				CLANG_WARN__DUPLICATE_METHOD_MATCH = YES;
				COPY_PHASE_STRIP = NO;
				DEBUG_INFORMATION_FORMAT = "dwarf-with-dsym";
				ENABLE_NS_ASSERTIONS = NO;
				ENABLE_STRICT_OBJC_MSGSEND = YES;
				GCC_C_LANGUAGE_STANDARD = gnu11;
				GCC_NO_COMMON_BLOCKS = YES;
				GCC_WARN_64_TO_32_BIT_CONVERSION = YES;
				GCC_WARN_ABOUT_RETURN_TYPE = YES_ERROR;
				GCC_WARN_UNDECLARED_SELECTOR = YES;
				GCC_WARN_UNINITIALIZED_AUTOS = YES_AGGRESSIVE;
				GCC_WARN_UNUSED_FUNCTION = YES;
				GCC_WARN_UNUSED_VARIABLE = YES;
				IPHONEOS_DEPLOYMENT_TARGET = 15.4;
				MTL_ENABLE_DEBUG_INFO = NO;
				MTL_FAST_MATH = YES;
				SDKROOT = iphoneos;
				SWIFT_COMPILATION_MODE = wholemodule;
				SWIFT_OPTIMIZATION_LEVEL = "-O";
				VALIDATE_PRODUCT = YES;
			};
			name = Release;
		};
		DDF0251B284429C400C4F49D /* Debug */ = {
			isa = XCBuildConfiguration;
			buildSettings = {
				ASSETCATALOG_COMPILER_APPICON_NAME = AppIcon;
				ASSETCATALOG_COMPILER_GLOBAL_ACCENT_COLOR_NAME = AccentColor;
				CODE_SIGN_STYLE = Automatic;
				CURRENT_PROJECT_VERSION = 1;
				DEVELOPMENT_TEAM = WU2A259UNF;
				GENERATE_INFOPLIST_FILE = YES;
				INFOPLIST_KEY_NSCameraUsageDescription = "";
				INFOPLIST_KEY_UIApplicationSupportsIndirectInputEvents = YES;
				INFOPLIST_KEY_UILaunchStoryboardName = LaunchScreen;
				INFOPLIST_KEY_UIMainStoryboardFile = Main;
				INFOPLIST_KEY_UIRequiredDeviceCapabilities = arkit;
				INFOPLIST_KEY_UIStatusBarHidden = YES;
				INFOPLIST_KEY_UISupportedInterfaceOrientations_iPad = "UIInterfaceOrientationPortrait UIInterfaceOrientationPortraitUpsideDown UIInterfaceOrientationLandscapeLeft UIInterfaceOrientationLandscapeRight";
				INFOPLIST_KEY_UISupportedInterfaceOrientations_iPhone = "UIInterfaceOrientationPortrait UIInterfaceOrientationLandscapeLeft UIInterfaceOrientationLandscapeRight";
				IPHONEOS_DEPLOYMENT_TARGET = 15.2;
				LD_RUNPATH_SEARCH_PATHS = (
					"$(inherited)",
					"@executable_path/Frameworks",
				);
				MARKETING_VERSION = 1.0;
				PRODUCT_BUNDLE_IDENTIFIER = com.zoe.RandDistAlgosVisualizer;
				PRODUCT_NAME = "$(TARGET_NAME)";
				SWIFT_EMIT_LOC_STRINGS = YES;
				SWIFT_VERSION = 5.0;
				TARGETED_DEVICE_FAMILY = "1,2";
			};
			name = Debug;
		};
		DDF0251C284429C400C4F49D /* Release */ = {
			isa = XCBuildConfiguration;
			buildSettings = {
				ASSETCATALOG_COMPILER_APPICON_NAME = AppIcon;
				ASSETCATALOG_COMPILER_GLOBAL_ACCENT_COLOR_NAME = AccentColor;
				CODE_SIGN_STYLE = Automatic;
				CURRENT_PROJECT_VERSION = 1;
				DEVELOPMENT_TEAM = WU2A259UNF;
				GENERATE_INFOPLIST_FILE = YES;
				INFOPLIST_KEY_NSCameraUsageDescription = "";
				INFOPLIST_KEY_UIApplicationSupportsIndirectInputEvents = YES;
				INFOPLIST_KEY_UILaunchStoryboardName = LaunchScreen;
				INFOPLIST_KEY_UIMainStoryboardFile = Main;
				INFOPLIST_KEY_UIRequiredDeviceCapabilities = arkit;
				INFOPLIST_KEY_UIStatusBarHidden = YES;
				INFOPLIST_KEY_UISupportedInterfaceOrientations_iPad = "UIInterfaceOrientationPortrait UIInterfaceOrientationPortraitUpsideDown UIInterfaceOrientationLandscapeLeft UIInterfaceOrientationLandscapeRight";
				INFOPLIST_KEY_UISupportedInterfaceOrientations_iPhone = "UIInterfaceOrientationPortrait UIInterfaceOrientationLandscapeLeft UIInterfaceOrientationLandscapeRight";
				IPHONEOS_DEPLOYMENT_TARGET = 15.2;
				LD_RUNPATH_SEARCH_PATHS = (
					"$(inherited)",
					"@executable_path/Frameworks",
				);
				MARKETING_VERSION = 1.0;
				PRODUCT_BUNDLE_IDENTIFIER = com.zoe.RandDistAlgosVisualizer;
				PRODUCT_NAME = "$(TARGET_NAME)";
				SWIFT_EMIT_LOC_STRINGS = YES;
				SWIFT_VERSION = 5.0;
				TARGETED_DEVICE_FAMILY = "1,2";
			};
			name = Release;
		};
/* End XCBuildConfiguration section */

/* Begin XCConfigurationList section */
		DDF02502284429C300C4F49D /* Build configuration list for PBXProject "RandDistAlgosVisualizer" */ = {
			isa = XCConfigurationList;
			buildConfigurations = (
				DDF02518284429C400C4F49D /* Debug */,
				DDF02519284429C400C4F49D /* Release */,
			);
			defaultConfigurationIsVisible = 0;
			defaultConfigurationName = Release;
		};
		DDF0251A284429C400C4F49D /* Build configuration list for PBXNativeTarget "RandDistAlgosVisualizer" */ = {
			isa = XCConfigurationList;
			buildConfigurations = (
				DDF0251B284429C400C4F49D /* Debug */,
				DDF0251C284429C400C4F49D /* Release */,
			);
			defaultConfigurationIsVisible = 0;
			defaultConfigurationName = Release;
		};
/* End XCConfigurationList section */
	};
	rootObject = DDF024FF284429C300C4F49D /* Project object */;
}
